
Microsoft Visual Studio Solution File, Format Version 12.00
# Visual Studio Version 17
VisualStudioVersion = 17.8.34330.188
MinimumVisualStudioVersion = 10.0.40219.1
Project("{FAE04EC0-301F-11D3-BF4B-00C04F79EFBC}") = "MyHeart.Api", "MyHeart.Api\MyHeart.Api.csproj", "{E60464BA-2160-413D-8A88-7F6DD5D23372}"
EndProject
Project("{FAE04EC0-301F-11D3-BF4B-00C04F79EFBC}") = "MyHeart.Services", "MyHeart.Services\MyHeart.Services.csproj", "{0D4881EF-7A20-4536-94AE-CDA0AA6120FC}"
EndProject
Global
	GlobalSection(SolutionConfigurationPlatforms) = preSolution
		Debug|Any CPU = Debug|Any CPU
		Release|Any CPU = Release|Any CPU
	EndGlobalSection
	GlobalSection(ProjectConfigurationPlatforms) = postSolution
		{E60464BA-2160-413D-8A88-7F6DD5D23372}.Debug|Any CPU.ActiveCfg = Debug|Any CPU
		{E60464BA-2160-413D-8A88-7F6DD5D23372}.Debug|Any CPU.Build.0 = Debug|Any CPU
		{E60464BA-2160-413D-8A88-7F6DD5D23372}.Release|Any CPU.ActiveCfg = Release|Any CPU
		{E60464BA-2160-413D-8A88-7F6DD5D23372}.Release|Any CPU.Build.0 = Release|Any CPU
		{0D4881EF-7A20-4536-94AE-CDA0AA6120FC}.Debug|Any CPU.ActiveCfg = Debug|Any CPU
		{0D4881EF-7A20-4536-94AE-CDA0AA6120FC}.Debug|Any CPU.Build.0 = Debug|Any CPU
		{0D4881EF-7A20-4536-94AE-CDA0AA6120FC}.Release|Any CPU.ActiveCfg = Release|Any CPU
		{0D4881EF-7A20-4536-94AE-CDA0AA6120FC}.Release|Any CPU.Build.0 = Release|Any CPU
	EndGlobalSection
	GlobalSection(SolutionProperties) = preSolution
		HideSolutionNode = FALSE
	EndGlobalSection
	GlobalSection(ExtensibilityGlobals) = postSolution
		SolutionGuid = {EABE631F-4AFB-422B-B370-51182D0612C6}
	EndGlobalSection
EndGlobal
