
Microsoft Visual Studio Solution File, Format Version 12.00
# Visual Studio 15
VisualStudioVersion = 15.0.28306.52
MinimumVisualStudioVersion = 10.0.40219.1
Project("{9A19103F-16F7-4668-BE54-9A1E7A4F7556}") = "MyHeartAdvice", "MyHeartAdvice.csproj", "{5015CC5A-1A23-4534-89AC-B6BE5955A27B}"
EndProject
Project("{2150E333-8FDC-42A3-9474-1A3956D46DE8}") = "Solution Items", "Solution Items", "{C2879E8A-3D55-4CA0-99A7-7F844B4D181E}"
	ProjectSection(SolutionItems) = preProject
		README.md = README.md
	EndProjectSection
EndProject
Global
	GlobalSection(SolutionConfigurationPlatforms) = preSolution
		Debug|Any CPU = Debug|Any CPU
		Release|Any CPU = Release|Any CPU
	EndGlobalSection
	GlobalSection(ProjectConfigurationPlatforms) = postSolution
		{5015CC5A-1A23-4534-89AC-B6BE5955A27B}.Debug|Any CPU.ActiveCfg = Debug|Any CPU
		{5015CC5A-1A23-4534-89AC-B6BE5955A27B}.Debug|Any CPU.Build.0 = Debug|Any CPU
		{5015CC5A-1A23-4534-89AC-B6BE5955A27B}.Release|Any CPU.ActiveCfg = Release|Any CPU
		{5015CC5A-1A23-4534-89AC-B6BE5955A27B}.Release|Any CPU.Build.0 = Release|Any CPU
	EndGlobalSection
	GlobalSection(SolutionProperties) = preSolution
		HideSolutionNode = FALSE
	EndGlobalSection
	GlobalSection(ExtensibilityGlobals) = postSolution
		SolutionGuid = {B96D3855-44BD-4293-B559-9FA0C07BDE7C}
	EndGlobalSection
EndGlobal
