
Microsoft Visual Studio Solution File, Format Version 12.00
# Visual Studio Version 16
VisualStudioVersion = 16.0.29006.145
MinimumVisualStudioVersion = 10.0.40219.1
Project("{9A19103F-16F7-4668-BE54-9A1E7A4F7556}") = "MyHeart.Web", "MyHeart.Web.csproj", "{5015CC5A-1A23-4534-89AC-B6BE5955A27B}"
EndProject
Global
	GlobalSection(SolutionConfigurationPlatforms) = preSolution
		Azure|Any CPU = Azure|Any CPU
		Debug|Any CPU = Debug|Any CPU
		Release|Any CPU = Release|Any CPU
		Test|Any CPU = Test|Any CPU
	EndGlobalSection
	GlobalSection(ProjectConfigurationPlatforms) = postSolution
		{5015CC5A-1A23-4534-89AC-B6BE5955A27B}.Azure|Any CPU.ActiveCfg = Azure|Any CPU
		{5015CC5A-1A23-4534-89AC-B6BE5955A27B}.Azure|Any CPU.Build.0 = Azure|Any CPU
		{5015CC5A-1A23-4534-89AC-B6BE5955A27B}.Debug|Any CPU.ActiveCfg = Debug|Any CPU
		{5015CC5A-1A23-4534-89AC-B6BE5955A27B}.Debug|Any CPU.Build.0 = Debug|Any CPU
		{5015CC5A-1A23-4534-89AC-B6BE5955A27B}.Release|Any CPU.ActiveCfg = Release|Any CPU
		{5015CC5A-1A23-4534-89AC-B6BE5955A27B}.Release|Any CPU.Build.0 = Release|Any CPU
		{5015CC5A-1A23-4534-89AC-B6BE5955A27B}.Test|Any CPU.ActiveCfg = Test|Any CPU
		{5015CC5A-1A23-4534-89AC-B6BE5955A27B}.Test|Any CPU.Build.0 = Test|Any CPU
	EndGlobalSection
	GlobalSection(SolutionProperties) = preSolution
		HideSolutionNode = FALSE
	EndGlobalSection
	GlobalSection(ExtensibilityGlobals) = postSolution
		SolutionGuid = {B96D3855-44BD-4293-B559-9FA0C07BDE7C}
	EndGlobalSection
EndGlobal
